
Microsoft Visual Studio Solution File, Format Version 12.00
# Visual Studio Version 17
VisualStudioVersion = 17.8.34309.116
MinimumVisualStudioVersion = 10.0.40219.1
Project("{FAE04EC0-301F-11D3-BF4B-00C04F79EFBC}") = "Calculator", "Calculator.csproj", "{69C467AD-0F64-46B3-B114-3085B2178FBC}"
EndProject
Global
	GlobalSection(SolutionConfigurationPlatforms) = preSolution
		Debug|Any CPU = Debug|Any CPU
		Release|Any CPU = Release|Any CPU
	EndGlobalSection
	GlobalSection(ProjectConfigurationPlatforms) = postSolution
		{69C467AD-0F64-46B3-B114-3085B2178FBC}.Debug|Any CPU.ActiveCfg = Debug|Any CPU
		{69C467AD-0F64-46B3-B114-3085B2178FBC}.Debug|Any CPU.Build.0 = Debug|Any CPU
		{69C467AD-0F64-46B3-B114-3085B2178FBC}.Release|Any CPU.ActiveCfg = Release|Any CPU
		{69C467AD-0F64-46B3-B114-3085B2178FBC}.Release|Any CPU.Build.0 = Release|Any CPU
	EndGlobalSection
	GlobalSection(SolutionProperties) = preSolution
		HideSolutionNode = FALSE
	EndGlobalSection
	GlobalSection(ExtensibilityGlobals) = postSolution
		SolutionGuid = {5ACBB0D4-2429-4573-9831-A931FE9805C8}
	EndGlobalSection
EndGlobal
